
Microsoft Visual Studio Solution File, Format Version 12.00
Project("{FAE04EC0-301F-11D3-BF4B-00C04F79EFBC}") = "MyGame", "MyGame\MyGame.csproj", "{0AE467DB-0B5C-4B90-AC64-B42E8D21071B}"
EndProject
Global
	GlobalSection(SolutionConfigurationPlatforms) = preSolution
		Debug|Any CPU = Debug|Any CPU
		Release|Any CPU = Release|Any CPU
	EndGlobalSection
	GlobalSection(ProjectConfigurationPlatforms) = postSolution
		{0AE467DB-0B5C-4B90-AC64-B42E8D21071B}.Debug|Any CPU.ActiveCfg = Debug|Any CPU
		{0AE467DB-0B5C-4B90-AC64-B42E8D21071B}.Debug|Any CPU.Build.0 = Debug|Any CPU
		{0AE467DB-0B5C-4B90-AC64-B42E8D21071B}.Release|Any CPU.ActiveCfg = Release|Any CPU
		{0AE467DB-0B5C-4B90-AC64-B42E8D21071B}.Release|Any CPU.Build.0 = Release|Any CPU
	EndGlobalSection
EndGlobal
